
Microsoft Visual Studio Solution File, Format Version 12.00
# Visual Studio 14
VisualStudioVersion = 14.0.25420.1
MinimumVisualStudioVersion = 10.0.40219.1
Project("{FAE04EC0-301F-11D3-BF4B-00C04F79EFBC}") = "04RefType", "04RefType\04RefType.csproj", "{5388D9B7-E5BA-4D46-ADAF-FAC2FFE31E56}"
EndProject
Project("{FAE04EC0-301F-11D3-BF4B-00C04F79EFBC}") = "02HelloWold", "01HelloWold\02HelloWold.csproj", "{DE65FFFD-392B-4230-8600-D4466E4977FF}"
EndProject
Project("{FAE04EC0-301F-11D3-BF4B-00C04F79EFBC}") = "03Variables", "02Variables\03Variables.csproj", "{1E440C49-ED86-41D8-9A57-2847CE22188C}"
EndProject
Project("{FAE04EC0-301F-11D3-BF4B-00C04F79EFBC}") = "05Methods", "05Methods\05Methods.csproj", "{ECBCDBEC-2A28-4B6B-A79F-508452BE6D77}"
EndProject
Project("{FAE04EC0-301F-11D3-BF4B-00C04F79EFBC}") = "06IntroOOP", "06IntroOOP\06IntroOOP.csproj", "{97962F1A-15D0-446B-829C-2BDB7DF1F179}"
EndProject
Project("{FAE04EC0-301F-11D3-BF4B-00C04F79EFBC}") = "07Prop", "07Prop\07Prop.csproj", "{4BB7E427-5B87-466F-A16F-30BE6D671A31}"
EndProject
Project("{FAE04EC0-301F-11D3-BF4B-00C04F79EFBC}") = "07Prop02", "07Prop02\07Prop02.csproj", "{D3ABC410-E45A-4431-8902-CF3FDABA8E38}"
EndProject
Project("{FAE04EC0-301F-11D3-BF4B-00C04F79EFBC}") = "07Prop03", "07Prop03\07Prop03.csproj", "{BC4E1882-1075-4386-A237-62119FD82182}"
EndProject
Project("{FAE04EC0-301F-11D3-BF4B-00C04F79EFBC}") = "08Inheritance", "08Inheritance\08Inheritance.csproj", "{6127AF28-7F22-457C-933B-F3D150BD2487}"
EndProject
Project("{FAE04EC0-301F-11D3-BF4B-00C04F79EFBC}") = "08Polymorphism", "08Polymorphism\08Polymorphism.csproj", "{E5BB89D6-4B46-4BA6-ACAB-06A9E7C9E9C1}"
EndProject
Project("{FAE04EC0-301F-11D3-BF4B-00C04F79EFBC}") = "08Polymorphism02", "08Plymorphism02\08Polymorphism02.csproj", "{22DC7183-25A1-4457-A6FC-1BA545454461}"
EndProject
Project("{FAE04EC0-301F-11D3-BF4B-00C04F79EFBC}") = "09Exception", "09Exception\09Exception.csproj", "{C43A27EA-1C3B-4776-AF2F-9745A974CAE9}"
EndProject
Project("{FAE04EC0-301F-11D3-BF4B-00C04F79EFBC}") = "10Interface", "10Interface\10Interface.csproj", "{C172B861-10E1-47E8-95E4-C77B1EB895B3}"
EndProject
Project("{FAE04EC0-301F-11D3-BF4B-00C04F79EFBC}") = "11Collections", "11Collections\11Collections.csproj", "{3304994A-2A73-48B4-ACE6-E7BEC8E5C715}"
EndProject
Project("{FAE04EC0-301F-11D3-BF4B-00C04F79EFBC}") = "11Collections03", "11Collections03\11Collections03.csproj", "{EFEBF371-5F59-4117-BB99-94AF031AC42A}"
EndProject
Project("{FAE04EC0-301F-11D3-BF4B-00C04F79EFBC}") = "12Events", "12Events\12Events.csproj", "{A5DE5B3B-6E4D-4017-ABD1-D11674F7D90E}"
EndProject
Project("{FAE04EC0-301F-11D3-BF4B-00C04F79EFBC}") = "12Events02", "12Events02\12Events02.csproj", "{6D806BD9-617C-472E-B82C-21FF788BFA78}"
EndProject
Project("{FAE04EC0-301F-11D3-BF4B-00C04F79EFBC}") = "PropertyChanged", "PropertyChanged\PropertyChanged.csproj", "{D25C46E6-F27E-4CEC-900D-75A2D03A7BF1}"
EndProject
Global
	GlobalSection(SolutionConfigurationPlatforms) = preSolution
		Debug|Any CPU = Debug|Any CPU
		Debug|ARM = Debug|ARM
		Debug|x64 = Debug|x64
		Debug|x86 = Debug|x86
		Release|Any CPU = Release|Any CPU
		Release|ARM = Release|ARM
		Release|x64 = Release|x64
		Release|x86 = Release|x86
	EndGlobalSection
	GlobalSection(ProjectConfigurationPlatforms) = postSolution
		{5388D9B7-E5BA-4D46-ADAF-FAC2FFE31E56}.Debug|Any CPU.ActiveCfg = Debug|Any CPU
		{5388D9B7-E5BA-4D46-ADAF-FAC2FFE31E56}.Debug|Any CPU.Build.0 = Debug|Any CPU
		{5388D9B7-E5BA-4D46-ADAF-FAC2FFE31E56}.Debug|ARM.ActiveCfg = Debug|Any CPU
		{5388D9B7-E5BA-4D46-ADAF-FAC2FFE31E56}.Debug|ARM.Build.0 = Debug|Any CPU
		{5388D9B7-E5BA-4D46-ADAF-FAC2FFE31E56}.Debug|x64.ActiveCfg = Debug|Any CPU
		{5388D9B7-E5BA-4D46-ADAF-FAC2FFE31E56}.Debug|x64.Build.0 = Debug|Any CPU
		{5388D9B7-E5BA-4D46-ADAF-FAC2FFE31E56}.Debug|x86.ActiveCfg = Debug|Any CPU
		{5388D9B7-E5BA-4D46-ADAF-FAC2FFE31E56}.Debug|x86.Build.0 = Debug|Any CPU
		{5388D9B7-E5BA-4D46-ADAF-FAC2FFE31E56}.Release|Any CPU.ActiveCfg = Release|Any CPU
		{5388D9B7-E5BA-4D46-ADAF-FAC2FFE31E56}.Release|Any CPU.Build.0 = Release|Any CPU
		{5388D9B7-E5BA-4D46-ADAF-FAC2FFE31E56}.Release|ARM.ActiveCfg = Release|Any CPU
		{5388D9B7-E5BA-4D46-ADAF-FAC2FFE31E56}.Release|ARM.Build.0 = Release|Any CPU
		{5388D9B7-E5BA-4D46-ADAF-FAC2FFE31E56}.Release|x64.ActiveCfg = Release|Any CPU
		{5388D9B7-E5BA-4D46-ADAF-FAC2FFE31E56}.Release|x64.Build.0 = Release|Any CPU
		{5388D9B7-E5BA-4D46-ADAF-FAC2FFE31E56}.Release|x86.ActiveCfg = Release|Any CPU
		{5388D9B7-E5BA-4D46-ADAF-FAC2FFE31E56}.Release|x86.Build.0 = Release|Any CPU
		{DE65FFFD-392B-4230-8600-D4466E4977FF}.Debug|Any CPU.ActiveCfg = Debug|Any CPU
		{DE65FFFD-392B-4230-8600-D4466E4977FF}.Debug|Any CPU.Build.0 = Debug|Any CPU
		{DE65FFFD-392B-4230-8600-D4466E4977FF}.Debug|ARM.ActiveCfg = Debug|Any CPU
		{DE65FFFD-392B-4230-8600-D4466E4977FF}.Debug|ARM.Build.0 = Debug|Any CPU
		{DE65FFFD-392B-4230-8600-D4466E4977FF}.Debug|x64.ActiveCfg = Debug|Any CPU
		{DE65FFFD-392B-4230-8600-D4466E4977FF}.Debug|x64.Build.0 = Debug|Any CPU
		{DE65FFFD-392B-4230-8600-D4466E4977FF}.Debug|x86.ActiveCfg = Debug|Any CPU
		{DE65FFFD-392B-4230-8600-D4466E4977FF}.Debug|x86.Build.0 = Debug|Any CPU
		{DE65FFFD-392B-4230-8600-D4466E4977FF}.Release|Any CPU.ActiveCfg = Release|Any CPU
		{DE65FFFD-392B-4230-8600-D4466E4977FF}.Release|Any CPU.Build.0 = Release|Any CPU
		{DE65FFFD-392B-4230-8600-D4466E4977FF}.Release|ARM.ActiveCfg = Release|Any CPU
		{DE65FFFD-392B-4230-8600-D4466E4977FF}.Release|ARM.Build.0 = Release|Any CPU
		{DE65FFFD-392B-4230-8600-D4466E4977FF}.Release|x64.ActiveCfg = Release|Any CPU
		{DE65FFFD-392B-4230-8600-D4466E4977FF}.Release|x64.Build.0 = Release|Any CPU
		{DE65FFFD-392B-4230-8600-D4466E4977FF}.Release|x86.ActiveCfg = Release|Any CPU
		{DE65FFFD-392B-4230-8600-D4466E4977FF}.Release|x86.Build.0 = Release|Any CPU
		{1E440C49-ED86-41D8-9A57-2847CE22188C}.Debug|Any CPU.ActiveCfg = Debug|Any CPU
		{1E440C49-ED86-41D8-9A57-2847CE22188C}.Debug|Any CPU.Build.0 = Debug|Any CPU
		{1E440C49-ED86-41D8-9A57-2847CE22188C}.Debug|ARM.ActiveCfg = Debug|Any CPU
		{1E440C49-ED86-41D8-9A57-2847CE22188C}.Debug|ARM.Build.0 = Debug|Any CPU
		{1E440C49-ED86-41D8-9A57-2847CE22188C}.Debug|x64.ActiveCfg = Debug|Any CPU
		{1E440C49-ED86-41D8-9A57-2847CE22188C}.Debug|x64.Build.0 = Debug|Any CPU
		{1E440C49-ED86-41D8-9A57-2847CE22188C}.Debug|x86.ActiveCfg = Debug|Any CPU
		{1E440C49-ED86-41D8-9A57-2847CE22188C}.Debug|x86.Build.0 = Debug|Any CPU
		{1E440C49-ED86-41D8-9A57-2847CE22188C}.Release|Any CPU.ActiveCfg = Release|Any CPU
		{1E440C49-ED86-41D8-9A57-2847CE22188C}.Release|Any CPU.Build.0 = Release|Any CPU
		{1E440C49-ED86-41D8-9A57-2847CE22188C}.Release|ARM.ActiveCfg = Release|Any CPU
		{1E440C49-ED86-41D8-9A57-2847CE22188C}.Release|ARM.Build.0 = Release|Any CPU
		{1E440C49-ED86-41D8-9A57-2847CE22188C}.Release|x64.ActiveCfg = Release|Any CPU
		{1E440C49-ED86-41D8-9A57-2847CE22188C}.Release|x64.Build.0 = Release|Any CPU
		{1E440C49-ED86-41D8-9A57-2847CE22188C}.Release|x86.ActiveCfg = Release|Any CPU
		{1E440C49-ED86-41D8-9A57-2847CE22188C}.Release|x86.Build.0 = Release|Any CPU
		{ECBCDBEC-2A28-4B6B-A79F-508452BE6D77}.Debug|Any CPU.ActiveCfg = Debug|Any CPU
		{ECBCDBEC-2A28-4B6B-A79F-508452BE6D77}.Debug|Any CPU.Build.0 = Debug|Any CPU
		{ECBCDBEC-2A28-4B6B-A79F-508452BE6D77}.Debug|ARM.ActiveCfg = Debug|Any CPU
		{ECBCDBEC-2A28-4B6B-A79F-508452BE6D77}.Debug|ARM.Build.0 = Debug|Any CPU
		{ECBCDBEC-2A28-4B6B-A79F-508452BE6D77}.Debug|x64.ActiveCfg = Debug|Any CPU
		{ECBCDBEC-2A28-4B6B-A79F-508452BE6D77}.Debug|x64.Build.0 = Debug|Any CPU
		{ECBCDBEC-2A28-4B6B-A79F-508452BE6D77}.Debug|x86.ActiveCfg = Debug|Any CPU
		{ECBCDBEC-2A28-4B6B-A79F-508452BE6D77}.Debug|x86.Build.0 = Debug|Any CPU
		{ECBCDBEC-2A28-4B6B-A79F-508452BE6D77}.Release|Any CPU.ActiveCfg = Release|Any CPU
		{ECBCDBEC-2A28-4B6B-A79F-508452BE6D77}.Release|Any CPU.Build.0 = Release|Any CPU
		{ECBCDBEC-2A28-4B6B-A79F-508452BE6D77}.Release|ARM.ActiveCfg = Release|Any CPU
		{ECBCDBEC-2A28-4B6B-A79F-508452BE6D77}.Release|ARM.Build.0 = Release|Any CPU
		{ECBCDBEC-2A28-4B6B-A79F-508452BE6D77}.Release|x64.ActiveCfg = Release|Any CPU
		{ECBCDBEC-2A28-4B6B-A79F-508452BE6D77}.Release|x64.Build.0 = Release|Any CPU
		{ECBCDBEC-2A28-4B6B-A79F-508452BE6D77}.Release|x86.ActiveCfg = Release|Any CPU
		{ECBCDBEC-2A28-4B6B-A79F-508452BE6D77}.Release|x86.Build.0 = Release|Any CPU
		{97962F1A-15D0-446B-829C-2BDB7DF1F179}.Debug|Any CPU.ActiveCfg = Debug|Any CPU
		{97962F1A-15D0-446B-829C-2BDB7DF1F179}.Debug|Any CPU.Build.0 = Debug|Any CPU
		{97962F1A-15D0-446B-829C-2BDB7DF1F179}.Debug|ARM.ActiveCfg = Debug|Any CPU
		{97962F1A-15D0-446B-829C-2BDB7DF1F179}.Debug|ARM.Build.0 = Debug|Any CPU
		{97962F1A-15D0-446B-829C-2BDB7DF1F179}.Debug|x64.ActiveCfg = Debug|Any CPU
		{97962F1A-15D0-446B-829C-2BDB7DF1F179}.Debug|x64.Build.0 = Debug|Any CPU
		{97962F1A-15D0-446B-829C-2BDB7DF1F179}.Debug|x86.ActiveCfg = Debug|Any CPU
		{97962F1A-15D0-446B-829C-2BDB7DF1F179}.Debug|x86.Build.0 = Debug|Any CPU
		{97962F1A-15D0-446B-829C-2BDB7DF1F179}.Release|Any CPU.ActiveCfg = Release|Any CPU
		{97962F1A-15D0-446B-829C-2BDB7DF1F179}.Release|Any CPU.Build.0 = Release|Any CPU
		{97962F1A-15D0-446B-829C-2BDB7DF1F179}.Release|ARM.ActiveCfg = Release|Any CPU
		{97962F1A-15D0-446B-829C-2BDB7DF1F179}.Release|ARM.Build.0 = Release|Any CPU
		{97962F1A-15D0-446B-829C-2BDB7DF1F179}.Release|x64.ActiveCfg = Release|Any CPU
		{97962F1A-15D0-446B-829C-2BDB7DF1F179}.Release|x64.Build.0 = Release|Any CPU
		{97962F1A-15D0-446B-829C-2BDB7DF1F179}.Release|x86.ActiveCfg = Release|Any CPU
		{97962F1A-15D0-446B-829C-2BDB7DF1F179}.Release|x86.Build.0 = Release|Any CPU
		{4BB7E427-5B87-466F-A16F-30BE6D671A31}.Debug|Any CPU.ActiveCfg = Debug|Any CPU
		{4BB7E427-5B87-466F-A16F-30BE6D671A31}.Debug|Any CPU.Build.0 = Debug|Any CPU
		{4BB7E427-5B87-466F-A16F-30BE6D671A31}.Debug|ARM.ActiveCfg = Debug|Any CPU
		{4BB7E427-5B87-466F-A16F-30BE6D671A31}.Debug|ARM.Build.0 = Debug|Any CPU
		{4BB7E427-5B87-466F-A16F-30BE6D671A31}.Debug|x64.ActiveCfg = Debug|Any CPU
		{4BB7E427-5B87-466F-A16F-30BE6D671A31}.Debug|x64.Build.0 = Debug|Any CPU
		{4BB7E427-5B87-466F-A16F-30BE6D671A31}.Debug|x86.ActiveCfg = Debug|Any CPU
		{4BB7E427-5B87-466F-A16F-30BE6D671A31}.Debug|x86.Build.0 = Debug|Any CPU
		{4BB7E427-5B87-466F-A16F-30BE6D671A31}.Release|Any CPU.ActiveCfg = Release|Any CPU
		{4BB7E427-5B87-466F-A16F-30BE6D671A31}.Release|Any CPU.Build.0 = Release|Any CPU
		{4BB7E427-5B87-466F-A16F-30BE6D671A31}.Release|ARM.ActiveCfg = Release|Any CPU
		{4BB7E427-5B87-466F-A16F-30BE6D671A31}.Release|ARM.Build.0 = Release|Any CPU
		{4BB7E427-5B87-466F-A16F-30BE6D671A31}.Release|x64.ActiveCfg = Release|Any CPU
		{4BB7E427-5B87-466F-A16F-30BE6D671A31}.Release|x64.Build.0 = Release|Any CPU
		{4BB7E427-5B87-466F-A16F-30BE6D671A31}.Release|x86.ActiveCfg = Release|Any CPU
		{4BB7E427-5B87-466F-A16F-30BE6D671A31}.Release|x86.Build.0 = Release|Any CPU
		{D3ABC410-E45A-4431-8902-CF3FDABA8E38}.Debug|Any CPU.ActiveCfg = Debug|Any CPU
		{D3ABC410-E45A-4431-8902-CF3FDABA8E38}.Debug|Any CPU.Build.0 = Debug|Any CPU
		{D3ABC410-E45A-4431-8902-CF3FDABA8E38}.Debug|ARM.ActiveCfg = Debug|Any CPU
		{D3ABC410-E45A-4431-8902-CF3FDABA8E38}.Debug|ARM.Build.0 = Debug|Any CPU
		{D3ABC410-E45A-4431-8902-CF3FDABA8E38}.Debug|x64.ActiveCfg = Debug|Any CPU
		{D3ABC410-E45A-4431-8902-CF3FDABA8E38}.Debug|x64.Build.0 = Debug|Any CPU
		{D3ABC410-E45A-4431-8902-CF3FDABA8E38}.Debug|x86.ActiveCfg = Debug|Any CPU
		{D3ABC410-E45A-4431-8902-CF3FDABA8E38}.Debug|x86.Build.0 = Debug|Any CPU
		{D3ABC410-E45A-4431-8902-CF3FDABA8E38}.Release|Any CPU.ActiveCfg = Release|Any CPU
		{D3ABC410-E45A-4431-8902-CF3FDABA8E38}.Release|Any CPU.Build.0 = Release|Any CPU
		{D3ABC410-E45A-4431-8902-CF3FDABA8E38}.Release|ARM.ActiveCfg = Release|Any CPU
		{D3ABC410-E45A-4431-8902-CF3FDABA8E38}.Release|ARM.Build.0 = Release|Any CPU
		{D3ABC410-E45A-4431-8902-CF3FDABA8E38}.Release|x64.ActiveCfg = Release|Any CPU
		{D3ABC410-E45A-4431-8902-CF3FDABA8E38}.Release|x64.Build.0 = Release|Any CPU
		{D3ABC410-E45A-4431-8902-CF3FDABA8E38}.Release|x86.ActiveCfg = Release|Any CPU
		{D3ABC410-E45A-4431-8902-CF3FDABA8E38}.Release|x86.Build.0 = Release|Any CPU
		{BC4E1882-1075-4386-A237-62119FD82182}.Debug|Any CPU.ActiveCfg = Debug|Any CPU
		{BC4E1882-1075-4386-A237-62119FD82182}.Debug|Any CPU.Build.0 = Debug|Any CPU
		{BC4E1882-1075-4386-A237-62119FD82182}.Debug|ARM.ActiveCfg = Debug|Any CPU
		{BC4E1882-1075-4386-A237-62119FD82182}.Debug|ARM.Build.0 = Debug|Any CPU
		{BC4E1882-1075-4386-A237-62119FD82182}.Debug|x64.ActiveCfg = Debug|Any CPU
		{BC4E1882-1075-4386-A237-62119FD82182}.Debug|x64.Build.0 = Debug|Any CPU
		{BC4E1882-1075-4386-A237-62119FD82182}.Debug|x86.ActiveCfg = Debug|Any CPU
		{BC4E1882-1075-4386-A237-62119FD82182}.Debug|x86.Build.0 = Debug|Any CPU
		{BC4E1882-1075-4386-A237-62119FD82182}.Release|Any CPU.ActiveCfg = Release|Any CPU
		{BC4E1882-1075-4386-A237-62119FD82182}.Release|Any CPU.Build.0 = Release|Any CPU
		{BC4E1882-1075-4386-A237-62119FD82182}.Release|ARM.ActiveCfg = Release|Any CPU
		{BC4E1882-1075-4386-A237-62119FD82182}.Release|ARM.Build.0 = Release|Any CPU
		{BC4E1882-1075-4386-A237-62119FD82182}.Release|x64.ActiveCfg = Release|Any CPU
		{BC4E1882-1075-4386-A237-62119FD82182}.Release|x64.Build.0 = Release|Any CPU
		{BC4E1882-1075-4386-A237-62119FD82182}.Release|x86.ActiveCfg = Release|Any CPU
		{BC4E1882-1075-4386-A237-62119FD82182}.Release|x86.Build.0 = Release|Any CPU
		{6127AF28-7F22-457C-933B-F3D150BD2487}.Debug|Any CPU.ActiveCfg = Debug|Any CPU
		{6127AF28-7F22-457C-933B-F3D150BD2487}.Debug|Any CPU.Build.0 = Debug|Any CPU
		{6127AF28-7F22-457C-933B-F3D150BD2487}.Debug|ARM.ActiveCfg = Debug|Any CPU
		{6127AF28-7F22-457C-933B-F3D150BD2487}.Debug|ARM.Build.0 = Debug|Any CPU
		{6127AF28-7F22-457C-933B-F3D150BD2487}.Debug|x64.ActiveCfg = Debug|Any CPU
		{6127AF28-7F22-457C-933B-F3D150BD2487}.Debug|x64.Build.0 = Debug|Any CPU
		{6127AF28-7F22-457C-933B-F3D150BD2487}.Debug|x86.ActiveCfg = Debug|Any CPU
		{6127AF28-7F22-457C-933B-F3D150BD2487}.Debug|x86.Build.0 = Debug|Any CPU
		{6127AF28-7F22-457C-933B-F3D150BD2487}.Release|Any CPU.ActiveCfg = Release|Any CPU
		{6127AF28-7F22-457C-933B-F3D150BD2487}.Release|Any CPU.Build.0 = Release|Any CPU
		{6127AF28-7F22-457C-933B-F3D150BD2487}.Release|ARM.ActiveCfg = Release|Any CPU
		{6127AF28-7F22-457C-933B-F3D150BD2487}.Release|ARM.Build.0 = Release|Any CPU
		{6127AF28-7F22-457C-933B-F3D150BD2487}.Release|x64.ActiveCfg = Release|Any CPU
		{6127AF28-7F22-457C-933B-F3D150BD2487}.Release|x64.Build.0 = Release|Any CPU
		{6127AF28-7F22-457C-933B-F3D150BD2487}.Release|x86.ActiveCfg = Release|Any CPU
		{6127AF28-7F22-457C-933B-F3D150BD2487}.Release|x86.Build.0 = Release|Any CPU
		{E5BB89D6-4B46-4BA6-ACAB-06A9E7C9E9C1}.Debug|Any CPU.ActiveCfg = Debug|Any CPU
		{E5BB89D6-4B46-4BA6-ACAB-06A9E7C9E9C1}.Debug|Any CPU.Build.0 = Debug|Any CPU
		{E5BB89D6-4B46-4BA6-ACAB-06A9E7C9E9C1}.Debug|ARM.ActiveCfg = Debug|Any CPU
		{E5BB89D6-4B46-4BA6-ACAB-06A9E7C9E9C1}.Debug|ARM.Build.0 = Debug|Any CPU
		{E5BB89D6-4B46-4BA6-ACAB-06A9E7C9E9C1}.Debug|x64.ActiveCfg = Debug|Any CPU
		{E5BB89D6-4B46-4BA6-ACAB-06A9E7C9E9C1}.Debug|x64.Build.0 = Debug|Any CPU
		{E5BB89D6-4B46-4BA6-ACAB-06A9E7C9E9C1}.Debug|x86.ActiveCfg = Debug|Any CPU
		{E5BB89D6-4B46-4BA6-ACAB-06A9E7C9E9C1}.Debug|x86.Build.0 = Debug|Any CPU
		{E5BB89D6-4B46-4BA6-ACAB-06A9E7C9E9C1}.Release|Any CPU.ActiveCfg = Release|Any CPU
		{E5BB89D6-4B46-4BA6-ACAB-06A9E7C9E9C1}.Release|Any CPU.Build.0 = Release|Any CPU
		{E5BB89D6-4B46-4BA6-ACAB-06A9E7C9E9C1}.Release|ARM.ActiveCfg = Release|Any CPU
		{E5BB89D6-4B46-4BA6-ACAB-06A9E7C9E9C1}.Release|ARM.Build.0 = Release|Any CPU
		{E5BB89D6-4B46-4BA6-ACAB-06A9E7C9E9C1}.Release|x64.ActiveCfg = Release|Any CPU
		{E5BB89D6-4B46-4BA6-ACAB-06A9E7C9E9C1}.Release|x64.Build.0 = Release|Any CPU
		{E5BB89D6-4B46-4BA6-ACAB-06A9E7C9E9C1}.Release|x86.ActiveCfg = Release|Any CPU
		{E5BB89D6-4B46-4BA6-ACAB-06A9E7C9E9C1}.Release|x86.Build.0 = Release|Any CPU
		{22DC7183-25A1-4457-A6FC-1BA545454461}.Debug|Any CPU.ActiveCfg = Debug|Any CPU
		{22DC7183-25A1-4457-A6FC-1BA545454461}.Debug|Any CPU.Build.0 = Debug|Any CPU
		{22DC7183-25A1-4457-A6FC-1BA545454461}.Debug|ARM.ActiveCfg = Debug|Any CPU
		{22DC7183-25A1-4457-A6FC-1BA545454461}.Debug|ARM.Build.0 = Debug|Any CPU
		{22DC7183-25A1-4457-A6FC-1BA545454461}.Debug|x64.ActiveCfg = Debug|Any CPU
		{22DC7183-25A1-4457-A6FC-1BA545454461}.Debug|x64.Build.0 = Debug|Any CPU
		{22DC7183-25A1-4457-A6FC-1BA545454461}.Debug|x86.ActiveCfg = Debug|Any CPU
		{22DC7183-25A1-4457-A6FC-1BA545454461}.Debug|x86.Build.0 = Debug|Any CPU
		{22DC7183-25A1-4457-A6FC-1BA545454461}.Release|Any CPU.ActiveCfg = Release|Any CPU
		{22DC7183-25A1-4457-A6FC-1BA545454461}.Release|Any CPU.Build.0 = Release|Any CPU
		{22DC7183-25A1-4457-A6FC-1BA545454461}.Release|ARM.ActiveCfg = Release|Any CPU
		{22DC7183-25A1-4457-A6FC-1BA545454461}.Release|ARM.Build.0 = Release|Any CPU
		{22DC7183-25A1-4457-A6FC-1BA545454461}.Release|x64.ActiveCfg = Release|Any CPU
		{22DC7183-25A1-4457-A6FC-1BA545454461}.Release|x64.Build.0 = Release|Any CPU
		{22DC7183-25A1-4457-A6FC-1BA545454461}.Release|x86.ActiveCfg = Release|Any CPU
		{22DC7183-25A1-4457-A6FC-1BA545454461}.Release|x86.Build.0 = Release|Any CPU
		{C43A27EA-1C3B-4776-AF2F-9745A974CAE9}.Debug|Any CPU.ActiveCfg = Debug|Any CPU
		{C43A27EA-1C3B-4776-AF2F-9745A974CAE9}.Debug|Any CPU.Build.0 = Debug|Any CPU
		{C43A27EA-1C3B-4776-AF2F-9745A974CAE9}.Debug|ARM.ActiveCfg = Debug|Any CPU
		{C43A27EA-1C3B-4776-AF2F-9745A974CAE9}.Debug|ARM.Build.0 = Debug|Any CPU
		{C43A27EA-1C3B-4776-AF2F-9745A974CAE9}.Debug|x64.ActiveCfg = Debug|Any CPU
		{C43A27EA-1C3B-4776-AF2F-9745A974CAE9}.Debug|x64.Build.0 = Debug|Any CPU
		{C43A27EA-1C3B-4776-AF2F-9745A974CAE9}.Debug|x86.ActiveCfg = Debug|Any CPU
		{C43A27EA-1C3B-4776-AF2F-9745A974CAE9}.Debug|x86.Build.0 = Debug|Any CPU
		{C43A27EA-1C3B-4776-AF2F-9745A974CAE9}.Release|Any CPU.ActiveCfg = Release|Any CPU
		{C43A27EA-1C3B-4776-AF2F-9745A974CAE9}.Release|Any CPU.Build.0 = Release|Any CPU
		{C43A27EA-1C3B-4776-AF2F-9745A974CAE9}.Release|ARM.ActiveCfg = Release|Any CPU
		{C43A27EA-1C3B-4776-AF2F-9745A974CAE9}.Release|ARM.Build.0 = Release|Any CPU
		{C43A27EA-1C3B-4776-AF2F-9745A974CAE9}.Release|x64.ActiveCfg = Release|Any CPU
		{C43A27EA-1C3B-4776-AF2F-9745A974CAE9}.Release|x64.Build.0 = Release|Any CPU
		{C43A27EA-1C3B-4776-AF2F-9745A974CAE9}.Release|x86.ActiveCfg = Release|Any CPU
		{C43A27EA-1C3B-4776-AF2F-9745A974CAE9}.Release|x86.Build.0 = Release|Any CPU
		{C172B861-10E1-47E8-95E4-C77B1EB895B3}.Debug|Any CPU.ActiveCfg = Debug|Any CPU
		{C172B861-10E1-47E8-95E4-C77B1EB895B3}.Debug|Any CPU.Build.0 = Debug|Any CPU
		{C172B861-10E1-47E8-95E4-C77B1EB895B3}.Debug|ARM.ActiveCfg = Debug|Any CPU
		{C172B861-10E1-47E8-95E4-C77B1EB895B3}.Debug|ARM.Build.0 = Debug|Any CPU
		{C172B861-10E1-47E8-95E4-C77B1EB895B3}.Debug|x64.ActiveCfg = Debug|Any CPU
		{C172B861-10E1-47E8-95E4-C77B1EB895B3}.Debug|x64.Build.0 = Debug|Any CPU
		{C172B861-10E1-47E8-95E4-C77B1EB895B3}.Debug|x86.ActiveCfg = Debug|Any CPU
		{C172B861-10E1-47E8-95E4-C77B1EB895B3}.Debug|x86.Build.0 = Debug|Any CPU
		{C172B861-10E1-47E8-95E4-C77B1EB895B3}.Release|Any CPU.ActiveCfg = Release|Any CPU
		{C172B861-10E1-47E8-95E4-C77B1EB895B3}.Release|Any CPU.Build.0 = Release|Any CPU
		{C172B861-10E1-47E8-95E4-C77B1EB895B3}.Release|ARM.ActiveCfg = Release|Any CPU
		{C172B861-10E1-47E8-95E4-C77B1EB895B3}.Release|ARM.Build.0 = Release|Any CPU
		{C172B861-10E1-47E8-95E4-C77B1EB895B3}.Release|x64.ActiveCfg = Release|Any CPU
		{C172B861-10E1-47E8-95E4-C77B1EB895B3}.Release|x64.Build.0 = Release|Any CPU
		{C172B861-10E1-47E8-95E4-C77B1EB895B3}.Release|x86.ActiveCfg = Release|Any CPU
		{C172B861-10E1-47E8-95E4-C77B1EB895B3}.Release|x86.Build.0 = Release|Any CPU
		{3304994A-2A73-48B4-ACE6-E7BEC8E5C715}.Debug|Any CPU.ActiveCfg = Debug|Any CPU
		{3304994A-2A73-48B4-ACE6-E7BEC8E5C715}.Debug|Any CPU.Build.0 = Debug|Any CPU
		{3304994A-2A73-48B4-ACE6-E7BEC8E5C715}.Debug|ARM.ActiveCfg = Debug|Any CPU
		{3304994A-2A73-48B4-ACE6-E7BEC8E5C715}.Debug|ARM.Build.0 = Debug|Any CPU
		{3304994A-2A73-48B4-ACE6-E7BEC8E5C715}.Debug|x64.ActiveCfg = Debug|Any CPU
		{3304994A-2A73-48B4-ACE6-E7BEC8E5C715}.Debug|x64.Build.0 = Debug|Any CPU
		{3304994A-2A73-48B4-ACE6-E7BEC8E5C715}.Debug|x86.ActiveCfg = Debug|Any CPU
		{3304994A-2A73-48B4-ACE6-E7BEC8E5C715}.Debug|x86.Build.0 = Debug|Any CPU
		{3304994A-2A73-48B4-ACE6-E7BEC8E5C715}.Release|Any CPU.ActiveCfg = Release|Any CPU
		{3304994A-2A73-48B4-ACE6-E7BEC8E5C715}.Release|Any CPU.Build.0 = Release|Any CPU
		{3304994A-2A73-48B4-ACE6-E7BEC8E5C715}.Release|ARM.ActiveCfg = Release|Any CPU
		{3304994A-2A73-48B4-ACE6-E7BEC8E5C715}.Release|ARM.Build.0 = Release|Any CPU
		{3304994A-2A73-48B4-ACE6-E7BEC8E5C715}.Release|x64.ActiveCfg = Release|Any CPU
		{3304994A-2A73-48B4-ACE6-E7BEC8E5C715}.Release|x64.Build.0 = Release|Any CPU
		{3304994A-2A73-48B4-ACE6-E7BEC8E5C715}.Release|x86.ActiveCfg = Release|Any CPU
		{3304994A-2A73-48B4-ACE6-E7BEC8E5C715}.Release|x86.Build.0 = Release|Any CPU
		{EFEBF371-5F59-4117-BB99-94AF031AC42A}.Debug|Any CPU.ActiveCfg = Debug|Any CPU
		{EFEBF371-5F59-4117-BB99-94AF031AC42A}.Debug|Any CPU.Build.0 = Debug|Any CPU
		{EFEBF371-5F59-4117-BB99-94AF031AC42A}.Debug|ARM.ActiveCfg = Debug|Any CPU
		{EFEBF371-5F59-4117-BB99-94AF031AC42A}.Debug|ARM.Build.0 = Debug|Any CPU
		{EFEBF371-5F59-4117-BB99-94AF031AC42A}.Debug|x64.ActiveCfg = Debug|Any CPU
		{EFEBF371-5F59-4117-BB99-94AF031AC42A}.Debug|x64.Build.0 = Debug|Any CPU
		{EFEBF371-5F59-4117-BB99-94AF031AC42A}.Debug|x86.ActiveCfg = Debug|Any CPU
		{EFEBF371-5F59-4117-BB99-94AF031AC42A}.Debug|x86.Build.0 = Debug|Any CPU
		{EFEBF371-5F59-4117-BB99-94AF031AC42A}.Release|Any CPU.ActiveCfg = Release|Any CPU
		{EFEBF371-5F59-4117-BB99-94AF031AC42A}.Release|Any CPU.Build.0 = Release|Any CPU
		{EFEBF371-5F59-4117-BB99-94AF031AC42A}.Release|ARM.ActiveCfg = Release|Any CPU
		{EFEBF371-5F59-4117-BB99-94AF031AC42A}.Release|ARM.Build.0 = Release|Any CPU
		{EFEBF371-5F59-4117-BB99-94AF031AC42A}.Release|x64.ActiveCfg = Release|Any CPU
		{EFEBF371-5F59-4117-BB99-94AF031AC42A}.Release|x64.Build.0 = Release|Any CPU
		{EFEBF371-5F59-4117-BB99-94AF031AC42A}.Release|x86.ActiveCfg = Release|Any CPU
		{EFEBF371-5F59-4117-BB99-94AF031AC42A}.Release|x86.Build.0 = Release|Any CPU
		{A5DE5B3B-6E4D-4017-ABD1-D11674F7D90E}.Debug|Any CPU.ActiveCfg = Debug|Any CPU
		{A5DE5B3B-6E4D-4017-ABD1-D11674F7D90E}.Debug|Any CPU.Build.0 = Debug|Any CPU
		{A5DE5B3B-6E4D-4017-ABD1-D11674F7D90E}.Debug|ARM.ActiveCfg = Debug|Any CPU
		{A5DE5B3B-6E4D-4017-ABD1-D11674F7D90E}.Debug|ARM.Build.0 = Debug|Any CPU
		{A5DE5B3B-6E4D-4017-ABD1-D11674F7D90E}.Debug|x64.ActiveCfg = Debug|Any CPU
		{A5DE5B3B-6E4D-4017-ABD1-D11674F7D90E}.Debug|x64.Build.0 = Debug|Any CPU
		{A5DE5B3B-6E4D-4017-ABD1-D11674F7D90E}.Debug|x86.ActiveCfg = Debug|Any CPU
		{A5DE5B3B-6E4D-4017-ABD1-D11674F7D90E}.Debug|x86.Build.0 = Debug|Any CPU
		{A5DE5B3B-6E4D-4017-ABD1-D11674F7D90E}.Release|Any CPU.ActiveCfg = Release|Any CPU
		{A5DE5B3B-6E4D-4017-ABD1-D11674F7D90E}.Release|Any CPU.Build.0 = Release|Any CPU
		{A5DE5B3B-6E4D-4017-ABD1-D11674F7D90E}.Release|ARM.ActiveCfg = Release|Any CPU
		{A5DE5B3B-6E4D-4017-ABD1-D11674F7D90E}.Release|ARM.Build.0 = Release|Any CPU
		{A5DE5B3B-6E4D-4017-ABD1-D11674F7D90E}.Release|x64.ActiveCfg = Release|Any CPU
		{A5DE5B3B-6E4D-4017-ABD1-D11674F7D90E}.Release|x64.Build.0 = Release|Any CPU
		{A5DE5B3B-6E4D-4017-ABD1-D11674F7D90E}.Release|x86.ActiveCfg = Release|Any CPU
		{A5DE5B3B-6E4D-4017-ABD1-D11674F7D90E}.Release|x86.Build.0 = Release|Any CPU
		{6D806BD9-617C-472E-B82C-21FF788BFA78}.Debug|Any CPU.ActiveCfg = Debug|Any CPU
		{6D806BD9-617C-472E-B82C-21FF788BFA78}.Debug|Any CPU.Build.0 = Debug|Any CPU
		{6D806BD9-617C-472E-B82C-21FF788BFA78}.Debug|ARM.ActiveCfg = Debug|Any CPU
		{6D806BD9-617C-472E-B82C-21FF788BFA78}.Debug|ARM.Build.0 = Debug|Any CPU
		{6D806BD9-617C-472E-B82C-21FF788BFA78}.Debug|x64.ActiveCfg = Debug|Any CPU
		{6D806BD9-617C-472E-B82C-21FF788BFA78}.Debug|x64.Build.0 = Debug|Any CPU
		{6D806BD9-617C-472E-B82C-21FF788BFA78}.Debug|x86.ActiveCfg = Debug|Any CPU
		{6D806BD9-617C-472E-B82C-21FF788BFA78}.Debug|x86.Build.0 = Debug|Any CPU
		{6D806BD9-617C-472E-B82C-21FF788BFA78}.Release|Any CPU.ActiveCfg = Release|Any CPU
		{6D806BD9-617C-472E-B82C-21FF788BFA78}.Release|Any CPU.Build.0 = Release|Any CPU
		{6D806BD9-617C-472E-B82C-21FF788BFA78}.Release|ARM.ActiveCfg = Release|Any CPU
		{6D806BD9-617C-472E-B82C-21FF788BFA78}.Release|ARM.Build.0 = Release|Any CPU
		{6D806BD9-617C-472E-B82C-21FF788BFA78}.Release|x64.ActiveCfg = Release|Any CPU
		{6D806BD9-617C-472E-B82C-21FF788BFA78}.Release|x64.Build.0 = Release|Any CPU
		{6D806BD9-617C-472E-B82C-21FF788BFA78}.Release|x86.ActiveCfg = Release|Any CPU
		{6D806BD9-617C-472E-B82C-21FF788BFA78}.Release|x86.Build.0 = Release|Any CPU
		{D25C46E6-F27E-4CEC-900D-75A2D03A7BF1}.Debug|Any CPU.ActiveCfg = Debug|Any CPU
		{D25C46E6-F27E-4CEC-900D-75A2D03A7BF1}.Debug|Any CPU.Build.0 = Debug|Any CPU
		{D25C46E6-F27E-4CEC-900D-75A2D03A7BF1}.Debug|ARM.ActiveCfg = Debug|Any CPU
		{D25C46E6-F27E-4CEC-900D-75A2D03A7BF1}.Debug|ARM.Build.0 = Debug|Any CPU
		{D25C46E6-F27E-4CEC-900D-75A2D03A7BF1}.Debug|x64.ActiveCfg = Debug|Any CPU
		{D25C46E6-F27E-4CEC-900D-75A2D03A7BF1}.Debug|x64.Build.0 = Debug|Any CPU
		{D25C46E6-F27E-4CEC-900D-75A2D03A7BF1}.Debug|x86.ActiveCfg = Debug|Any CPU
		{D25C46E6-F27E-4CEC-900D-75A2D03A7BF1}.Debug|x86.Build.0 = Debug|Any CPU
		{D25C46E6-F27E-4CEC-900D-75A2D03A7BF1}.Release|Any CPU.ActiveCfg = Release|Any CPU
		{D25C46E6-F27E-4CEC-900D-75A2D03A7BF1}.Release|Any CPU.Build.0 = Release|Any CPU
		{D25C46E6-F27E-4CEC-900D-75A2D03A7BF1}.Release|ARM.ActiveCfg = Release|Any CPU
		{D25C46E6-F27E-4CEC-900D-75A2D03A7BF1}.Release|ARM.Build.0 = Release|Any CPU
		{D25C46E6-F27E-4CEC-900D-75A2D03A7BF1}.Release|x64.ActiveCfg = Release|Any CPU
		{D25C46E6-F27E-4CEC-900D-75A2D03A7BF1}.Release|x64.Build.0 = Release|Any CPU
		{D25C46E6-F27E-4CEC-900D-75A2D03A7BF1}.Release|x86.ActiveCfg = Release|Any CPU
		{D25C46E6-F27E-4CEC-900D-75A2D03A7BF1}.Release|x86.Build.0 = Release|Any CPU
	EndGlobalSection
	GlobalSection(SolutionProperties) = preSolution
		HideSolutionNode = FALSE
	EndGlobalSection
EndGlobal
