
Microsoft Visual Studio Solution File, Format Version 12.00
# Visual Studio 14
VisualStudioVersion = 14.0.25420.1
MinimumVisualStudioVersion = 10.0.40219.1
Project("{FAE04EC0-301F-11D3-BF4B-00C04F79EFBC}") = "04RefType", "04RefType\04RefType.csproj", "{5388D9B7-E5BA-4D46-ADAF-FAC2FFE31E56}"
EndProject
Project("{FAE04EC0-301F-11D3-BF4B-00C04F79EFBC}") = "02HelloWold", "01HelloWold\02HelloWold.csproj", "{DE65FFFD-392B-4230-8600-D4466E4977FF}"
EndProject
Project("{FAE04EC0-301F-11D3-BF4B-00C04F79EFBC}") = "03Variables", "02Variables\03Variables.csproj", "{1E440C49-ED86-41D8-9A57-2847CE22188C}"
EndProject
Project("{FAE04EC0-301F-11D3-BF4B-00C04F79EFBC}") = "05Methods", "05Methods\05Methods.csproj", "{ECBCDBEC-2A28-4B6B-A79F-508452BE6D77}"
EndProject
Project("{FAE04EC0-301F-11D3-BF4B-00C04F79EFBC}") = "06IntroOOP", "06IntroOOP\06IntroOOP.csproj", "{97962F1A-15D0-446B-829C-2BDB7DF1F179}"
EndProject
Project("{FAE04EC0-301F-11D3-BF4B-00C04F79EFBC}") = "07Prop", "07Prop\07Prop.csproj", "{4BB7E427-5B87-466F-A16F-30BE6D671A31}"
EndProject
Project("{FAE04EC0-301F-11D3-BF4B-00C04F79EFBC}") = "07Prop02", "07Prop02\07Prop02.csproj", "{D3ABC410-E45A-4431-8902-CF3FDABA8E38}"
EndProject
Global
	GlobalSection(SolutionConfigurationPlatforms) = preSolution
		Debug|Any CPU = Debug|Any CPU
		Debug|ARM = Debug|ARM
		Debug|x64 = Debug|x64
		Debug|x86 = Debug|x86
		Release|Any CPU = Release|Any CPU
		Release|ARM = Release|ARM
		Release|x64 = Release|x64
		Release|x86 = Release|x86
	EndGlobalSection
	GlobalSection(ProjectConfigurationPlatforms) = postSolution
		{5388D9B7-E5BA-4D46-ADAF-FAC2FFE31E56}.Debug|Any CPU.ActiveCfg = Debug|Any CPU
		{5388D9B7-E5BA-4D46-ADAF-FAC2FFE31E56}.Debug|Any CPU.Build.0 = Debug|Any CPU
		{5388D9B7-E5BA-4D46-ADAF-FAC2FFE31E56}.Debug|ARM.ActiveCfg = Debug|Any CPU
		{5388D9B7-E5BA-4D46-ADAF-FAC2FFE31E56}.Debug|ARM.Build.0 = Debug|Any CPU
		{5388D9B7-E5BA-4D46-ADAF-FAC2FFE31E56}.Debug|x64.ActiveCfg = Debug|Any CPU
		{5388D9B7-E5BA-4D46-ADAF-FAC2FFE31E56}.Debug|x64.Build.0 = Debug|Any CPU
		{5388D9B7-E5BA-4D46-ADAF-FAC2FFE31E56}.Debug|x86.ActiveCfg = Debug|Any CPU
		{5388D9B7-E5BA-4D46-ADAF-FAC2FFE31E56}.Debug|x86.Build.0 = Debug|Any CPU
		{5388D9B7-E5BA-4D46-ADAF-FAC2FFE31E56}.Release|Any CPU.ActiveCfg = Release|Any CPU
		{5388D9B7-E5BA-4D46-ADAF-FAC2FFE31E56}.Release|Any CPU.Build.0 = Release|Any CPU
		{5388D9B7-E5BA-4D46-ADAF-FAC2FFE31E56}.Release|ARM.ActiveCfg = Release|Any CPU
		{5388D9B7-E5BA-4D46-ADAF-FAC2FFE31E56}.Release|ARM.Build.0 = Release|Any CPU
		{5388D9B7-E5BA-4D46-ADAF-FAC2FFE31E56}.Release|x64.ActiveCfg = Release|Any CPU
		{5388D9B7-E5BA-4D46-ADAF-FAC2FFE31E56}.Release|x64.Build.0 = Release|Any CPU
		{5388D9B7-E5BA-4D46-ADAF-FAC2FFE31E56}.Release|x86.ActiveCfg = Release|Any CPU
		{5388D9B7-E5BA-4D46-ADAF-FAC2FFE31E56}.Release|x86.Build.0 = Release|Any CPU
		{DE65FFFD-392B-4230-8600-D4466E4977FF}.Debug|Any CPU.ActiveCfg = Debug|Any CPU
		{DE65FFFD-392B-4230-8600-D4466E4977FF}.Debug|Any CPU.Build.0 = Debug|Any CPU
		{DE65FFFD-392B-4230-8600-D4466E4977FF}.Debug|ARM.ActiveCfg = Debug|Any CPU
		{DE65FFFD-392B-4230-8600-D4466E4977FF}.Debug|ARM.Build.0 = Debug|Any CPU
		{DE65FFFD-392B-4230-8600-D4466E4977FF}.Debug|x64.ActiveCfg = Debug|Any CPU
		{DE65FFFD-392B-4230-8600-D4466E4977FF}.Debug|x64.Build.0 = Debug|Any CPU
		{DE65FFFD-392B-4230-8600-D4466E4977FF}.Debug|x86.ActiveCfg = Debug|Any CPU
		{DE65FFFD-392B-4230-8600-D4466E4977FF}.Debug|x86.Build.0 = Debug|Any CPU
		{DE65FFFD-392B-4230-8600-D4466E4977FF}.Release|Any CPU.ActiveCfg = Release|Any CPU
		{DE65FFFD-392B-4230-8600-D4466E4977FF}.Release|Any CPU.Build.0 = Release|Any CPU
		{DE65FFFD-392B-4230-8600-D4466E4977FF}.Release|ARM.ActiveCfg = Release|Any CPU
		{DE65FFFD-392B-4230-8600-D4466E4977FF}.Release|ARM.Build.0 = Release|Any CPU
		{DE65FFFD-392B-4230-8600-D4466E4977FF}.Release|x64.ActiveCfg = Release|Any CPU
		{DE65FFFD-392B-4230-8600-D4466E4977FF}.Release|x64.Build.0 = Release|Any CPU
		{DE65FFFD-392B-4230-8600-D4466E4977FF}.Release|x86.ActiveCfg = Release|Any CPU
		{DE65FFFD-392B-4230-8600-D4466E4977FF}.Release|x86.Build.0 = Release|Any CPU
		{1E440C49-ED86-41D8-9A57-2847CE22188C}.Debug|Any CPU.ActiveCfg = Debug|Any CPU
		{1E440C49-ED86-41D8-9A57-2847CE22188C}.Debug|Any CPU.Build.0 = Debug|Any CPU
		{1E440C49-ED86-41D8-9A57-2847CE22188C}.Debug|ARM.ActiveCfg = Debug|Any CPU
		{1E440C49-ED86-41D8-9A57-2847CE22188C}.Debug|ARM.Build.0 = Debug|Any CPU
		{1E440C49-ED86-41D8-9A57-2847CE22188C}.Debug|x64.ActiveCfg = Debug|Any CPU
		{1E440C49-ED86-41D8-9A57-2847CE22188C}.Debug|x64.Build.0 = Debug|Any CPU
		{1E440C49-ED86-41D8-9A57-2847CE22188C}.Debug|x86.ActiveCfg = Debug|Any CPU
		{1E440C49-ED86-41D8-9A57-2847CE22188C}.Debug|x86.Build.0 = Debug|Any CPU
		{1E440C49-ED86-41D8-9A57-2847CE22188C}.Release|Any CPU.ActiveCfg = Release|Any CPU
		{1E440C49-ED86-41D8-9A57-2847CE22188C}.Release|Any CPU.Build.0 = Release|Any CPU
		{1E440C49-ED86-41D8-9A57-2847CE22188C}.Release|ARM.ActiveCfg = Release|Any CPU
		{1E440C49-ED86-41D8-9A57-2847CE22188C}.Release|ARM.Build.0 = Release|Any CPU
		{1E440C49-ED86-41D8-9A57-2847CE22188C}.Release|x64.ActiveCfg = Release|Any CPU
		{1E440C49-ED86-41D8-9A57-2847CE22188C}.Release|x64.Build.0 = Release|Any CPU
		{1E440C49-ED86-41D8-9A57-2847CE22188C}.Release|x86.ActiveCfg = Release|Any CPU
		{1E440C49-ED86-41D8-9A57-2847CE22188C}.Release|x86.Build.0 = Release|Any CPU
		{ECBCDBEC-2A28-4B6B-A79F-508452BE6D77}.Debug|Any CPU.ActiveCfg = Debug|Any CPU
		{ECBCDBEC-2A28-4B6B-A79F-508452BE6D77}.Debug|Any CPU.Build.0 = Debug|Any CPU
		{ECBCDBEC-2A28-4B6B-A79F-508452BE6D77}.Debug|ARM.ActiveCfg = Debug|Any CPU
		{ECBCDBEC-2A28-4B6B-A79F-508452BE6D77}.Debug|ARM.Build.0 = Debug|Any CPU
		{ECBCDBEC-2A28-4B6B-A79F-508452BE6D77}.Debug|x64.ActiveCfg = Debug|Any CPU
		{ECBCDBEC-2A28-4B6B-A79F-508452BE6D77}.Debug|x64.Build.0 = Debug|Any CPU
		{ECBCDBEC-2A28-4B6B-A79F-508452BE6D77}.Debug|x86.ActiveCfg = Debug|Any CPU
		{ECBCDBEC-2A28-4B6B-A79F-508452BE6D77}.Debug|x86.Build.0 = Debug|Any CPU
		{ECBCDBEC-2A28-4B6B-A79F-508452BE6D77}.Release|Any CPU.ActiveCfg = Release|Any CPU
		{ECBCDBEC-2A28-4B6B-A79F-508452BE6D77}.Release|Any CPU.Build.0 = Release|Any CPU
		{ECBCDBEC-2A28-4B6B-A79F-508452BE6D77}.Release|ARM.ActiveCfg = Release|Any CPU
		{ECBCDBEC-2A28-4B6B-A79F-508452BE6D77}.Release|ARM.Build.0 = Release|Any CPU
		{ECBCDBEC-2A28-4B6B-A79F-508452BE6D77}.Release|x64.ActiveCfg = Release|Any CPU
		{ECBCDBEC-2A28-4B6B-A79F-508452BE6D77}.Release|x64.Build.0 = Release|Any CPU
		{ECBCDBEC-2A28-4B6B-A79F-508452BE6D77}.Release|x86.ActiveCfg = Release|Any CPU
		{ECBCDBEC-2A28-4B6B-A79F-508452BE6D77}.Release|x86.Build.0 = Release|Any CPU
		{97962F1A-15D0-446B-829C-2BDB7DF1F179}.Debug|Any CPU.ActiveCfg = Debug|Any CPU
		{97962F1A-15D0-446B-829C-2BDB7DF1F179}.Debug|Any CPU.Build.0 = Debug|Any CPU
		{97962F1A-15D0-446B-829C-2BDB7DF1F179}.Debug|ARM.ActiveCfg = Debug|Any CPU
		{97962F1A-15D0-446B-829C-2BDB7DF1F179}.Debug|ARM.Build.0 = Debug|Any CPU
		{97962F1A-15D0-446B-829C-2BDB7DF1F179}.Debug|x64.ActiveCfg = Debug|Any CPU
		{97962F1A-15D0-446B-829C-2BDB7DF1F179}.Debug|x64.Build.0 = Debug|Any CPU
		{97962F1A-15D0-446B-829C-2BDB7DF1F179}.Debug|x86.ActiveCfg = Debug|Any CPU
		{97962F1A-15D0-446B-829C-2BDB7DF1F179}.Debug|x86.Build.0 = Debug|Any CPU
		{97962F1A-15D0-446B-829C-2BDB7DF1F179}.Release|Any CPU.ActiveCfg = Release|Any CPU
		{97962F1A-15D0-446B-829C-2BDB7DF1F179}.Release|Any CPU.Build.0 = Release|Any CPU
		{97962F1A-15D0-446B-829C-2BDB7DF1F179}.Release|ARM.ActiveCfg = Release|Any CPU
		{97962F1A-15D0-446B-829C-2BDB7DF1F179}.Release|ARM.Build.0 = Release|Any CPU
		{97962F1A-15D0-446B-829C-2BDB7DF1F179}.Release|x64.ActiveCfg = Release|Any CPU
		{97962F1A-15D0-446B-829C-2BDB7DF1F179}.Release|x64.Build.0 = Release|Any CPU
		{97962F1A-15D0-446B-829C-2BDB7DF1F179}.Release|x86.ActiveCfg = Release|Any CPU
		{97962F1A-15D0-446B-829C-2BDB7DF1F179}.Release|x86.Build.0 = Release|Any CPU
		{4BB7E427-5B87-466F-A16F-30BE6D671A31}.Debug|Any CPU.ActiveCfg = Debug|Any CPU
		{4BB7E427-5B87-466F-A16F-30BE6D671A31}.Debug|Any CPU.Build.0 = Debug|Any CPU
		{4BB7E427-5B87-466F-A16F-30BE6D671A31}.Debug|ARM.ActiveCfg = Debug|Any CPU
		{4BB7E427-5B87-466F-A16F-30BE6D671A31}.Debug|ARM.Build.0 = Debug|Any CPU
		{4BB7E427-5B87-466F-A16F-30BE6D671A31}.Debug|x64.ActiveCfg = Debug|Any CPU
		{4BB7E427-5B87-466F-A16F-30BE6D671A31}.Debug|x64.Build.0 = Debug|Any CPU
		{4BB7E427-5B87-466F-A16F-30BE6D671A31}.Debug|x86.ActiveCfg = Debug|Any CPU
		{4BB7E427-5B87-466F-A16F-30BE6D671A31}.Debug|x86.Build.0 = Debug|Any CPU
		{4BB7E427-5B87-466F-A16F-30BE6D671A31}.Release|Any CPU.ActiveCfg = Release|Any CPU
		{4BB7E427-5B87-466F-A16F-30BE6D671A31}.Release|Any CPU.Build.0 = Release|Any CPU
		{4BB7E427-5B87-466F-A16F-30BE6D671A31}.Release|ARM.ActiveCfg = Release|Any CPU
		{4BB7E427-5B87-466F-A16F-30BE6D671A31}.Release|ARM.Build.0 = Release|Any CPU
		{4BB7E427-5B87-466F-A16F-30BE6D671A31}.Release|x64.ActiveCfg = Release|Any CPU
		{4BB7E427-5B87-466F-A16F-30BE6D671A31}.Release|x64.Build.0 = Release|Any CPU
		{4BB7E427-5B87-466F-A16F-30BE6D671A31}.Release|x86.ActiveCfg = Release|Any CPU
		{4BB7E427-5B87-466F-A16F-30BE6D671A31}.Release|x86.Build.0 = Release|Any CPU
		{D3ABC410-E45A-4431-8902-CF3FDABA8E38}.Debug|Any CPU.ActiveCfg = Debug|Any CPU
		{D3ABC410-E45A-4431-8902-CF3FDABA8E38}.Debug|Any CPU.Build.0 = Debug|Any CPU
		{D3ABC410-E45A-4431-8902-CF3FDABA8E38}.Debug|ARM.ActiveCfg = Debug|Any CPU
		{D3ABC410-E45A-4431-8902-CF3FDABA8E38}.Debug|ARM.Build.0 = Debug|Any CPU
		{D3ABC410-E45A-4431-8902-CF3FDABA8E38}.Debug|x64.ActiveCfg = Debug|Any CPU
		{D3ABC410-E45A-4431-8902-CF3FDABA8E38}.Debug|x64.Build.0 = Debug|Any CPU
		{D3ABC410-E45A-4431-8902-CF3FDABA8E38}.Debug|x86.ActiveCfg = Debug|Any CPU
		{D3ABC410-E45A-4431-8902-CF3FDABA8E38}.Debug|x86.Build.0 = Debug|Any CPU
		{D3ABC410-E45A-4431-8902-CF3FDABA8E38}.Release|Any CPU.ActiveCfg = Release|Any CPU
		{D3ABC410-E45A-4431-8902-CF3FDABA8E38}.Release|Any CPU.Build.0 = Release|Any CPU
		{D3ABC410-E45A-4431-8902-CF3FDABA8E38}.Release|ARM.ActiveCfg = Release|Any CPU
		{D3ABC410-E45A-4431-8902-CF3FDABA8E38}.Release|ARM.Build.0 = Release|Any CPU
		{D3ABC410-E45A-4431-8902-CF3FDABA8E38}.Release|x64.ActiveCfg = Release|Any CPU
		{D3ABC410-E45A-4431-8902-CF3FDABA8E38}.Release|x64.Build.0 = Release|Any CPU
		{D3ABC410-E45A-4431-8902-CF3FDABA8E38}.Release|x86.ActiveCfg = Release|Any CPU
		{D3ABC410-E45A-4431-8902-CF3FDABA8E38}.Release|x86.Build.0 = Release|Any CPU
	EndGlobalSection
	GlobalSection(SolutionProperties) = preSolution
		HideSolutionNode = FALSE
	EndGlobalSection
EndGlobal
