
Microsoft Visual Studio Solution File, Format Version 12.00
# Visual Studio 14
VisualStudioVersion = 14.0.25420.1
MinimumVisualStudioVersion = 10.0.40219.1
Project("{FAE04EC0-301F-11D3-BF4B-00C04F79EFBC}") = "04RefType", "04RefType\04RefType.csproj", "{5388D9B7-E5BA-4D46-ADAF-FAC2FFE31E56}"
EndProject
Project("{FAE04EC0-301F-11D3-BF4B-00C04F79EFBC}") = "02HelloWold", "01HelloWold\02HelloWold.csproj", "{DE65FFFD-392B-4230-8600-D4466E4977FF}"
EndProject
Project("{FAE04EC0-301F-11D3-BF4B-00C04F79EFBC}") = "03Variables", "02Variables\03Variables.csproj", "{1E440C49-ED86-41D8-9A57-2847CE22188C}"
EndProject
Project("{FAE04EC0-301F-11D3-BF4B-00C04F79EFBC}") = "05Methods", "05Methods\05Methods.csproj", "{ECBCDBEC-2A28-4B6B-A79F-508452BE6D77}"
EndProject
Global
	GlobalSection(SolutionConfigurationPlatforms) = preSolution
		Debug|Any CPU = Debug|Any CPU
		Release|Any CPU = Release|Any CPU
	EndGlobalSection
	GlobalSection(ProjectConfigurationPlatforms) = postSolution
		{5388D9B7-E5BA-4D46-ADAF-FAC2FFE31E56}.Debug|Any CPU.ActiveCfg = Debug|Any CPU
		{5388D9B7-E5BA-4D46-ADAF-FAC2FFE31E56}.Debug|Any CPU.Build.0 = Debug|Any CPU
		{5388D9B7-E5BA-4D46-ADAF-FAC2FFE31E56}.Release|Any CPU.ActiveCfg = Release|Any CPU
		{5388D9B7-E5BA-4D46-ADAF-FAC2FFE31E56}.Release|Any CPU.Build.0 = Release|Any CPU
		{DE65FFFD-392B-4230-8600-D4466E4977FF}.Debug|Any CPU.ActiveCfg = Debug|Any CPU
		{DE65FFFD-392B-4230-8600-D4466E4977FF}.Debug|Any CPU.Build.0 = Debug|Any CPU
		{DE65FFFD-392B-4230-8600-D4466E4977FF}.Release|Any CPU.ActiveCfg = Release|Any CPU
		{DE65FFFD-392B-4230-8600-D4466E4977FF}.Release|Any CPU.Build.0 = Release|Any CPU
		{1E440C49-ED86-41D8-9A57-2847CE22188C}.Debug|Any CPU.ActiveCfg = Debug|Any CPU
		{1E440C49-ED86-41D8-9A57-2847CE22188C}.Debug|Any CPU.Build.0 = Debug|Any CPU
		{1E440C49-ED86-41D8-9A57-2847CE22188C}.Release|Any CPU.ActiveCfg = Release|Any CPU
		{1E440C49-ED86-41D8-9A57-2847CE22188C}.Release|Any CPU.Build.0 = Release|Any CPU
		{ECBCDBEC-2A28-4B6B-A79F-508452BE6D77}.Debug|Any CPU.ActiveCfg = Debug|Any CPU
		{ECBCDBEC-2A28-4B6B-A79F-508452BE6D77}.Debug|Any CPU.Build.0 = Debug|Any CPU
		{ECBCDBEC-2A28-4B6B-A79F-508452BE6D77}.Release|Any CPU.ActiveCfg = Release|Any CPU
		{ECBCDBEC-2A28-4B6B-A79F-508452BE6D77}.Release|Any CPU.Build.0 = Release|Any CPU
	EndGlobalSection
	GlobalSection(SolutionProperties) = preSolution
		HideSolutionNode = FALSE
	EndGlobalSection
EndGlobal
